// !$*UTF8*$!
{
	archiveVersion = 1;
	classes = {
	};
	objectVersion = 46;
	objects = {

/* Begin PBXBuildFile section */
		B906D9FF17B3FCC700B39439 /* NDDStateMachine.framework in Frameworks */ = {isa = PBXBuildFile; fileRef = B906D9E217B3FCC600B39439 /* NDDStateMachine.framework */; };
		B906DA1717B3FEDA00B39439 /* NDDStateMachine.h in Headers */ = {isa = PBXBuildFile; fileRef = B906DA1317B3FEDA00B39439 /* NDDStateMachine.h */; };
		B906DA1817B3FEDA00B39439 /* NDDStateMachine.m in Sources */ = {isa = PBXBuildFile; fileRef = B906DA1417B3FEDA00B39439 /* NDDStateMachine.m */; };
		B906DA1917B3FEDA00B39439 /* NDDStateMachine.Private.h in Headers */ = {isa = PBXBuildFile; fileRef = B906DA1517B3FEDA00B39439 /* NDDStateMachine.Private.h */; };
		B906DA1D17B3FFD600B39439 /* NDDStateMachine.Tests.m in Sources */ = {isa = PBXBuildFile; fileRef = B906DA1617B3FEDA00B39439 /* NDDStateMachine.Tests.m */; };
		B906DA2817B4032F00B39439 /* NDDStateMachineEvent.h in Headers */ = {isa = PBXBuildFile; fileRef = B906DA2417B4032F00B39439 /* NDDStateMachineEvent.h */; };
		B906DA2917B4032F00B39439 /* NDDStateMachineEvent.m in Sources */ = {isa = PBXBuildFile; fileRef = B906DA2517B4032F00B39439 /* NDDStateMachineEvent.m */; };
		B906DA2A17B4032F00B39439 /* NDDStateMachineEvent.Private.h in Headers */ = {isa = PBXBuildFile; fileRef = B906DA2617B4032F00B39439 /* NDDStateMachineEvent.Private.h */; };
		B906DA3017B4036100B39439 /* NDDStateMachineState.h in Headers */ = {isa = PBXBuildFile; fileRef = B906DA2C17B4036100B39439 /* NDDStateMachineState.h */; };
		B906DA3117B4036100B39439 /* NDDStateMachineState.m in Sources */ = {isa = PBXBuildFile; fileRef = B906DA2D17B4036100B39439 /* NDDStateMachineState.m */; };
		B906DA3217B4036100B39439 /* NDDStateMachineState.Private.h in Headers */ = {isa = PBXBuildFile; fileRef = B906DA2E17B4036100B39439 /* NDDStateMachineState.Private.h */; };
		B906DA3417B4036700B39439 /* NDDStateMachineEvent.Tests.m in Sources */ = {isa = PBXBuildFile; fileRef = B906DA2717B4032F00B39439 /* NDDStateMachineEvent.Tests.m */; };
		B906DA3517B4036700B39439 /* NDDStateMachineState.Tests.m in Sources */ = {isa = PBXBuildFile; fileRef = B906DA2F17B4036100B39439 /* NDDStateMachineState.Tests.m */; };
		B906DA3A17B4038700B39439 /* NDDStateMachineTransition.h in Headers */ = {isa = PBXBuildFile; fileRef = B906DA3617B4038700B39439 /* NDDStateMachineTransition.h */; };
		B906DA3B17B4038700B39439 /* NDDStateMachineTransition.m in Sources */ = {isa = PBXBuildFile; fileRef = B906DA3717B4038700B39439 /* NDDStateMachineTransition.m */; };
		B906DA3C17B4038700B39439 /* NDDStateMachineTransition.Private.h in Headers */ = {isa = PBXBuildFile; fileRef = B906DA3817B4038700B39439 /* NDDStateMachineTransition.Private.h */; };
		B906DA4217B4039500B39439 /* NDDStateMachineTransitionFactory.h in Headers */ = {isa = PBXBuildFile; fileRef = B906DA3E17B4039500B39439 /* NDDStateMachineTransitionFactory.h */; };
		B906DA4317B4039500B39439 /* NDDStateMachineTransitionFactory.m in Sources */ = {isa = PBXBuildFile; fileRef = B906DA3F17B4039500B39439 /* NDDStateMachineTransitionFactory.m */; };
		B906DA4417B4039500B39439 /* NDDStateMachineTransitionFactory.Private.h in Headers */ = {isa = PBXBuildFile; fileRef = B906DA4017B4039500B39439 /* NDDStateMachineTransitionFactory.Private.h */; };
		B906DA4617B4039E00B39439 /* NDDStateMachineTransition.Tests.m in Sources */ = {isa = PBXBuildFile; fileRef = B906DA3917B4038700B39439 /* NDDStateMachineTransition.Tests.m */; };
		B906DA4717B4039E00B39439 /* NDDStateMachineTransitionFactory.Tests.m in Sources */ = {isa = PBXBuildFile; fileRef = B906DA4117B4039500B39439 /* NDDStateMachineTransitionFactory.Tests.m */; };
		B906DA4A17B4158F00B39439 /* SenTestingKit.framework in Frameworks */ = {isa = PBXBuildFile; fileRef = B906DA4917B4158F00B39439 /* SenTestingKit.framework */; };
		B906DA4B17B4167900B39439 /* Foundation.framework in Frameworks */ = {isa = PBXBuildFile; fileRef = B906D9E817B3FCC600B39439 /* Foundation.framework */; };
		B906DA4C17B4168D00B39439 /* Foundation.framework in Frameworks */ = {isa = PBXBuildFile; fileRef = B906D9E817B3FCC600B39439 /* Foundation.framework */; };
/* End PBXBuildFile section */

/* Begin PBXContainerItemProxy section */
		B906D9FD17B3FCC700B39439 /* PBXContainerItemProxy */ = {
			isa = PBXContainerItemProxy;
			containerPortal = B906D9D917B3FCC600B39439 /* Project object */;
			proxyType = 1;
			remoteGlobalIDString = B906D9E117B3FCC600B39439;
			remoteInfo = NDDStateMachine;
		};
/* End PBXContainerItemProxy section */

/* Begin PBXFileReference section */
		B906D9E217B3FCC600B39439 /* NDDStateMachine.framework */ = {isa = PBXFileReference; explicitFileType = wrapper.framework; includeInIndex = 0; path = NDDStateMachine.framework; sourceTree = BUILT_PRODUCTS_DIR; };
		B906D9E517B3FCC600B39439 /* Cocoa.framework */ = {isa = PBXFileReference; lastKnownFileType = wrapper.framework; name = Cocoa.framework; path = System/Library/Frameworks/Cocoa.framework; sourceTree = SDKROOT; };
		B906D9E817B3FCC600B39439 /* Foundation.framework */ = {isa = PBXFileReference; lastKnownFileType = wrapper.framework; name = Foundation.framework; path = System/Library/Frameworks/Foundation.framework; sourceTree = SDKROOT; };
		B906D9E917B3FCC600B39439 /* CoreData.framework */ = {isa = PBXFileReference; lastKnownFileType = wrapper.framework; name = CoreData.framework; path = System/Library/Frameworks/CoreData.framework; sourceTree = SDKROOT; };
		B906D9EA17B3FCC600B39439 /* AppKit.framework */ = {isa = PBXFileReference; lastKnownFileType = wrapper.framework; name = AppKit.framework; path = System/Library/Frameworks/AppKit.framework; sourceTree = SDKROOT; };
		B906D9ED17B3FCC600B39439 /* NDDStateMachine-Info.plist */ = {isa = PBXFileReference; lastKnownFileType = text.plist.xml; path = "NDDStateMachine-Info.plist"; sourceTree = "<group>"; };
		B906D9F117B3FCC600B39439 /* NDDStateMachine-Prefix.pch */ = {isa = PBXFileReference; lastKnownFileType = sourcecode.c.h; path = "NDDStateMachine-Prefix.pch"; sourceTree = "<group>"; };
		B906D9F917B3FCC700B39439 /* NDDStateMachineTests.xctest */ = {isa = PBXFileReference; explicitFileType = wrapper.cfbundle; includeInIndex = 0; path = NDDStateMachineTests.xctest; sourceTree = BUILT_PRODUCTS_DIR; };
		B906D9FA17B3FCC700B39439 /* XCTest.framework */ = {isa = PBXFileReference; lastKnownFileType = wrapper.framework; name = XCTest.framework; path = Library/Frameworks/XCTest.framework; sourceTree = DEVELOPER_DIR; };
		B906DA1017B3FE0900B39439 /* NDDStateMachineTests-Info.plist */ = {isa = PBXFileReference; fileEncoding = 4; lastKnownFileType = text.plist.xml; path = "NDDStateMachineTests-Info.plist"; sourceTree = "<group>"; };
		B906DA1317B3FEDA00B39439 /* NDDStateMachine.h */ = {isa = PBXFileReference; fileEncoding = 4; lastKnownFileType = sourcecode.c.h; path = NDDStateMachine.h; sourceTree = "<group>"; };
		B906DA1417B3FEDA00B39439 /* NDDStateMachine.m */ = {isa = PBXFileReference; fileEncoding = 4; lastKnownFileType = sourcecode.c.objc; path = NDDStateMachine.m; sourceTree = "<group>"; };
		B906DA1517B3FEDA00B39439 /* NDDStateMachine.Private.h */ = {isa = PBXFileReference; fileEncoding = 4; lastKnownFileType = sourcecode.c.h; path = NDDStateMachine.Private.h; sourceTree = "<group>"; };
		B906DA1617B3FEDA00B39439 /* NDDStateMachine.Tests.m */ = {isa = PBXFileReference; fileEncoding = 4; lastKnownFileType = sourcecode.c.objc; path = NDDStateMachine.Tests.m; sourceTree = "<group>"; };
		B906DA1C17B3FF9600B39439 /* NDDStateMachineDataSource.h */ = {isa = PBXFileReference; lastKnownFileType = sourcecode.c.h; path = NDDStateMachineDataSource.h; sourceTree = "<group>"; };
		B906DA2417B4032F00B39439 /* NDDStateMachineEvent.h */ = {isa = PBXFileReference; fileEncoding = 4; lastKnownFileType = sourcecode.c.h; path = NDDStateMachineEvent.h; sourceTree = "<group>"; };
		B906DA2517B4032F00B39439 /* NDDStateMachineEvent.m */ = {isa = PBXFileReference; fileEncoding = 4; lastKnownFileType = sourcecode.c.objc; path = NDDStateMachineEvent.m; sourceTree = "<group>"; };
		B906DA2617B4032F00B39439 /* NDDStateMachineEvent.Private.h */ = {isa = PBXFileReference; fileEncoding = 4; lastKnownFileType = sourcecode.c.h; path = NDDStateMachineEvent.Private.h; sourceTree = "<group>"; };
		B906DA2717B4032F00B39439 /* NDDStateMachineEvent.Tests.m */ = {isa = PBXFileReference; fileEncoding = 4; lastKnownFileType = sourcecode.c.objc; path = NDDStateMachineEvent.Tests.m; sourceTree = "<group>"; };
		B906DA2C17B4036100B39439 /* NDDStateMachineState.h */ = {isa = PBXFileReference; fileEncoding = 4; lastKnownFileType = sourcecode.c.h; path = NDDStateMachineState.h; sourceTree = "<group>"; };
		B906DA2D17B4036100B39439 /* NDDStateMachineState.m */ = {isa = PBXFileReference; fileEncoding = 4; lastKnownFileType = sourcecode.c.objc; path = NDDStateMachineState.m; sourceTree = "<group>"; };
		B906DA2E17B4036100B39439 /* NDDStateMachineState.Private.h */ = {isa = PBXFileReference; fileEncoding = 4; lastKnownFileType = sourcecode.c.h; path = NDDStateMachineState.Private.h; sourceTree = "<group>"; };
		B906DA2F17B4036100B39439 /* NDDStateMachineState.Tests.m */ = {isa = PBXFileReference; fileEncoding = 4; lastKnownFileType = sourcecode.c.objc; path = NDDStateMachineState.Tests.m; sourceTree = "<group>"; };
		B906DA3617B4038700B39439 /* NDDStateMachineTransition.h */ = {isa = PBXFileReference; fileEncoding = 4; lastKnownFileType = sourcecode.c.h; path = NDDStateMachineTransition.h; sourceTree = "<group>"; };
		B906DA3717B4038700B39439 /* NDDStateMachineTransition.m */ = {isa = PBXFileReference; fileEncoding = 4; lastKnownFileType = sourcecode.c.objc; path = NDDStateMachineTransition.m; sourceTree = "<group>"; };
		B906DA3817B4038700B39439 /* NDDStateMachineTransition.Private.h */ = {isa = PBXFileReference; fileEncoding = 4; lastKnownFileType = sourcecode.c.h; path = NDDStateMachineTransition.Private.h; sourceTree = "<group>"; };
		B906DA3917B4038700B39439 /* NDDStateMachineTransition.Tests.m */ = {isa = PBXFileReference; fileEncoding = 4; lastKnownFileType = sourcecode.c.objc; path = NDDStateMachineTransition.Tests.m; sourceTree = "<group>"; };
		B906DA3E17B4039500B39439 /* NDDStateMachineTransitionFactory.h */ = {isa = PBXFileReference; fileEncoding = 4; lastKnownFileType = sourcecode.c.h; path = NDDStateMachineTransitionFactory.h; sourceTree = "<group>"; };
		B906DA3F17B4039500B39439 /* NDDStateMachineTransitionFactory.m */ = {isa = PBXFileReference; fileEncoding = 4; lastKnownFileType = sourcecode.c.objc; path = NDDStateMachineTransitionFactory.m; sourceTree = "<group>"; };
		B906DA4017B4039500B39439 /* NDDStateMachineTransitionFactory.Private.h */ = {isa = PBXFileReference; fileEncoding = 4; lastKnownFileType = sourcecode.c.h; path = NDDStateMachineTransitionFactory.Private.h; sourceTree = "<group>"; };
		B906DA4117B4039500B39439 /* NDDStateMachineTransitionFactory.Tests.m */ = {isa = PBXFileReference; fileEncoding = 4; lastKnownFileType = sourcecode.c.objc; path = NDDStateMachineTransitionFactory.Tests.m; sourceTree = "<group>"; };
		B906DA4917B4158F00B39439 /* SenTestingKit.framework */ = {isa = PBXFileReference; lastKnownFileType = wrapper.framework; name = SenTestingKit.framework; path = Library/Frameworks/SenTestingKit.framework; sourceTree = DEVELOPER_DIR; };
/* End PBXFileReference section */

/* Begin PBXFrameworksBuildPhase section */
		B906D9DE17B3FCC600B39439 /* Frameworks */ = {
			isa = PBXFrameworksBuildPhase;
			buildActionMask = 2147483647;
			files = (
				B906DA4C17B4168D00B39439 /* Foundation.framework in Frameworks */,
			);
			runOnlyForDeploymentPostprocessing = 0;
		};
		B906D9F617B3FCC700B39439 /* Frameworks */ = {
			isa = PBXFrameworksBuildPhase;
			buildActionMask = 2147483647;
			files = (
				B906DA4B17B4167900B39439 /* Foundation.framework in Frameworks */,
				B906DA4A17B4158F00B39439 /* SenTestingKit.framework in Frameworks */,
				B906D9FF17B3FCC700B39439 /* NDDStateMachine.framework in Frameworks */,
			);
			runOnlyForDeploymentPostprocessing = 0;
		};
/* End PBXFrameworksBuildPhase section */

/* Begin PBXGroup section */
		B906D9D817B3FCC600B39439 = {
			isa = PBXGroup;
			children = (
				B906DA1217B3FE7800B39439 /* NDDStateMachine */,
				B906DA1B17B3FF7700B39439 /* NDDStateMachineDataSource */,
				B906DA1E17B4023D00B39439 /* NDDStateMachineEvent */,
				B906DA1F17B4024500B39439 /* NDDStateMachineState */,
				B906DA2017B4024C00B39439 /* NDDStateMachineTransition */,
				B906DA2117B4025200B39439 /* NDDStateMachineTransitionFactory */,
				B906D9EC17B3FCC600B39439 /* Supporting Files */,
				B906D9E417B3FCC600B39439 /* Frameworks */,
				B906D9E317B3FCC600B39439 /* Products */,
			);
			sourceTree = "<group>";
		};
		B906D9E317B3FCC600B39439 /* Products */ = {
			isa = PBXGroup;
			children = (
				B906D9E217B3FCC600B39439 /* NDDStateMachine.framework */,
				B906D9F917B3FCC700B39439 /* NDDStateMachineTests.xctest */,
			);
			name = Products;
			sourceTree = "<group>";
		};
		B906D9E417B3FCC600B39439 /* Frameworks */ = {
			isa = PBXGroup;
			children = (
				B906DA4917B4158F00B39439 /* SenTestingKit.framework */,
				B906D9E517B3FCC600B39439 /* Cocoa.framework */,
				B906D9FA17B3FCC700B39439 /* XCTest.framework */,
				B906D9E717B3FCC600B39439 /* Other Frameworks */,
			);
			name = Frameworks;
			sourceTree = "<group>";
		};
		B906D9E717B3FCC600B39439 /* Other Frameworks */ = {
			isa = PBXGroup;
			children = (
				B906D9E817B3FCC600B39439 /* Foundation.framework */,
				B906D9E917B3FCC600B39439 /* CoreData.framework */,
				B906D9EA17B3FCC600B39439 /* AppKit.framework */,
			);
			name = "Other Frameworks";
			sourceTree = "<group>";
		};
		B906D9EC17B3FCC600B39439 /* Supporting Files */ = {
			isa = PBXGroup;
			children = (
				B906D9ED17B3FCC600B39439 /* NDDStateMachine-Info.plist */,
				B906DA1017B3FE0900B39439 /* NDDStateMachineTests-Info.plist */,
				B906D9F117B3FCC600B39439 /* NDDStateMachine-Prefix.pch */,
			);
			path = "Supporting Files";
			sourceTree = "<group>";
		};
		B906DA1217B3FE7800B39439 /* NDDStateMachine */ = {
			isa = PBXGroup;
			children = (
				B906DA1317B3FEDA00B39439 /* NDDStateMachine.h */,
				B906DA1517B3FEDA00B39439 /* NDDStateMachine.Private.h */,
				B906DA1417B3FEDA00B39439 /* NDDStateMachine.m */,
				B906DA1617B3FEDA00B39439 /* NDDStateMachine.Tests.m */,
			);
			path = NDDStateMachine;
			sourceTree = "<group>";
		};
		B906DA1B17B3FF7700B39439 /* NDDStateMachineDataSource */ = {
			isa = PBXGroup;
			children = (
				B906DA1C17B3FF9600B39439 /* NDDStateMachineDataSource.h */,
			);
			path = NDDStateMachineDataSource;
			sourceTree = "<group>";
		};
		B906DA1E17B4023D00B39439 /* NDDStateMachineEvent */ = {
			isa = PBXGroup;
			children = (
				B906DA2417B4032F00B39439 /* NDDStateMachineEvent.h */,
				B906DA2617B4032F00B39439 /* NDDStateMachineEvent.Private.h */,
				B906DA2517B4032F00B39439 /* NDDStateMachineEvent.m */,
				B906DA2717B4032F00B39439 /* NDDStateMachineEvent.Tests.m */,
			);
			path = NDDStateMachineEvent;
			sourceTree = "<group>";
		};
		B906DA1F17B4024500B39439 /* NDDStateMachineState */ = {
			isa = PBXGroup;
			children = (
				B906DA2C17B4036100B39439 /* NDDStateMachineState.h */,
				B906DA2E17B4036100B39439 /* NDDStateMachineState.Private.h */,
				B906DA2D17B4036100B39439 /* NDDStateMachineState.m */,
				B906DA2F17B4036100B39439 /* NDDStateMachineState.Tests.m */,
			);
			path = NDDStateMachineState;
			sourceTree = "<group>";
		};
		B906DA2017B4024C00B39439 /* NDDStateMachineTransition */ = {
			isa = PBXGroup;
			children = (
				B906DA3617B4038700B39439 /* NDDStateMachineTransition.h */,
				B906DA3817B4038700B39439 /* NDDStateMachineTransition.Private.h */,
				B906DA3717B4038700B39439 /* NDDStateMachineTransition.m */,
				B906DA3917B4038700B39439 /* NDDStateMachineTransition.Tests.m */,
			);
			path = NDDStateMachineTransition;
			sourceTree = "<group>";
		};
		B906DA2117B4025200B39439 /* NDDStateMachineTransitionFactory */ = {
			isa = PBXGroup;
			children = (
				B906DA3E17B4039500B39439 /* NDDStateMachineTransitionFactory.h */,
				B906DA4017B4039500B39439 /* NDDStateMachineTransitionFactory.Private.h */,
				B906DA3F17B4039500B39439 /* NDDStateMachineTransitionFactory.m */,
				B906DA4117B4039500B39439 /* NDDStateMachineTransitionFactory.Tests.m */,
			);
			path = NDDStateMachineTransitionFactory;
			sourceTree = "<group>";
		};
/* End PBXGroup section */

/* Begin PBXHeadersBuildPhase section */
		B906D9DF17B3FCC600B39439 /* Headers */ = {
			isa = PBXHeadersBuildPhase;
			buildActionMask = 2147483647;
			files = (
				B906DA3A17B4038700B39439 /* NDDStateMachineTransition.h in Headers */,
				B906DA3C17B4038700B39439 /* NDDStateMachineTransition.Private.h in Headers */,
				B906DA2817B4032F00B39439 /* NDDStateMachineEvent.h in Headers */,
				B906DA1917B3FEDA00B39439 /* NDDStateMachine.Private.h in Headers */,
				B906DA4417B4039500B39439 /* NDDStateMachineTransitionFactory.Private.h in Headers */,
				B906DA3217B4036100B39439 /* NDDStateMachineState.Private.h in Headers */,
				B906DA1717B3FEDA00B39439 /* NDDStateMachine.h in Headers */,
				B906DA4217B4039500B39439 /* NDDStateMachineTransitionFactory.h in Headers */,
				B906DA3017B4036100B39439 /* NDDStateMachineState.h in Headers */,
				B906DA2A17B4032F00B39439 /* NDDStateMachineEvent.Private.h in Headers */,
			);
			runOnlyForDeploymentPostprocessing = 0;
		};
/* End PBXHeadersBuildPhase section */

/* Begin PBXNativeTarget section */
		B906D9E117B3FCC600B39439 /* NDDStateMachine */ = {
			isa = PBXNativeTarget;
			buildConfigurationList = B906DA0A17B3FCC700B39439 /* Build configuration list for PBXNativeTarget "NDDStateMachine" */;
			buildPhases = (
				B906D9DD17B3FCC600B39439 /* Sources */,
				B906D9DE17B3FCC600B39439 /* Frameworks */,
				B906D9DF17B3FCC600B39439 /* Headers */,
				B906D9E017B3FCC600B39439 /* Resources */,
			);
			buildRules = (
			);
			dependencies = (
			);
			name = NDDStateMachine;
			productName = NDDStateMachine;
			productReference = B906D9E217B3FCC600B39439 /* NDDStateMachine.framework */;
			productType = "com.apple.product-type.framework";
		};
		B906D9F817B3FCC700B39439 /* NDDStateMachineTests */ = {
			isa = PBXNativeTarget;
			buildConfigurationList = B906DA0D17B3FCC700B39439 /* Build configuration list for PBXNativeTarget "NDDStateMachineTests" */;
			buildPhases = (
				B906D9F517B3FCC700B39439 /* Sources */,
				B906D9F617B3FCC700B39439 /* Frameworks */,
				B906D9F717B3FCC700B39439 /* Resources */,
			);
			buildRules = (
			);
			dependencies = (
				B906D9FE17B3FCC700B39439 /* PBXTargetDependency */,
			);
			name = NDDStateMachineTests;
			productName = NDDStateMachineTests;
			productReference = B906D9F917B3FCC700B39439 /* NDDStateMachineTests.xctest */;
			productType = "com.apple.product-type.bundle.unit-test";
		};
/* End PBXNativeTarget section */

/* Begin PBXProject section */
		B906D9D917B3FCC600B39439 /* Project object */ = {
			isa = PBXProject;
			attributes = {
				LastUpgradeCheck = 0500;
				ORGANIZATIONNAME = "Nathan Douglas";
				TargetAttributes = {
					B906D9F817B3FCC700B39439 = {
						TestTargetID = B906D9E117B3FCC600B39439;
					};
				};
			};
			buildConfigurationList = B906D9DC17B3FCC600B39439 /* Build configuration list for PBXProject "NDDStateMachine" */;
			compatibilityVersion = "Xcode 3.2";
			developmentRegion = English;
			hasScannedForEncodings = 0;
			knownRegions = (
				en,
			);
			mainGroup = B906D9D817B3FCC600B39439;
			productRefGroup = B906D9E317B3FCC600B39439 /* Products */;
			projectDirPath = "";
			projectRoot = "";
			targets = (
				B906D9E117B3FCC600B39439 /* NDDStateMachine */,
				B906D9F817B3FCC700B39439 /* NDDStateMachineTests */,
			);
		};
/* End PBXProject section */

/* Begin PBXResourcesBuildPhase section */
		B906D9E017B3FCC600B39439 /* Resources */ = {
			isa = PBXResourcesBuildPhase;
			buildActionMask = 2147483647;
			files = (
			);
			runOnlyForDeploymentPostprocessing = 0;
		};
		B906D9F717B3FCC700B39439 /* Resources */ = {
			isa = PBXResourcesBuildPhase;
			buildActionMask = 2147483647;
			files = (
			);
			runOnlyForDeploymentPostprocessing = 0;
		};
/* End PBXResourcesBuildPhase section */

/* Begin PBXSourcesBuildPhase section */
		B906D9DD17B3FCC600B39439 /* Sources */ = {
			isa = PBXSourcesBuildPhase;
			buildActionMask = 2147483647;
			files = (
				B906DA1817B3FEDA00B39439 /* NDDStateMachine.m in Sources */,
				B906DA3B17B4038700B39439 /* NDDStateMachineTransition.m in Sources */,
				B906DA3117B4036100B39439 /* NDDStateMachineState.m in Sources */,
				B906DA2917B4032F00B39439 /* NDDStateMachineEvent.m in Sources */,
				B906DA4317B4039500B39439 /* NDDStateMachineTransitionFactory.m in Sources */,
			);
			runOnlyForDeploymentPostprocessing = 0;
		};
		B906D9F517B3FCC700B39439 /* Sources */ = {
			isa = PBXSourcesBuildPhase;
			buildActionMask = 2147483647;
			files = (
				B906DA4617B4039E00B39439 /* NDDStateMachineTransition.Tests.m in Sources */,
				B906DA3517B4036700B39439 /* NDDStateMachineState.Tests.m in Sources */,
				B906DA3417B4036700B39439 /* NDDStateMachineEvent.Tests.m in Sources */,
				B906DA4717B4039E00B39439 /* NDDStateMachineTransitionFactory.Tests.m in Sources */,
				B906DA1D17B3FFD600B39439 /* NDDStateMachine.Tests.m in Sources */,
			);
			runOnlyForDeploymentPostprocessing = 0;
		};
/* End PBXSourcesBuildPhase section */

/* Begin PBXTargetDependency section */
		B906D9FE17B3FCC700B39439 /* PBXTargetDependency */ = {
			isa = PBXTargetDependency;
			target = B906D9E117B3FCC600B39439 /* NDDStateMachine */;
			targetProxy = B906D9FD17B3FCC700B39439 /* PBXContainerItemProxy */;
		};
/* End PBXTargetDependency section */

/* Begin XCBuildConfiguration section */
		B906DA0817B3FCC700B39439 /* Debug */ = {
			isa = XCBuildConfiguration;
			buildSettings = {
				ALWAYS_SEARCH_USER_PATHS = NO;
				CLANG_CXX_LANGUAGE_STANDARD = "gnu++0x";
				CLANG_CXX_LIBRARY = "libc++";
				CLANG_ENABLE_MODULES = YES;
				CLANG_ENABLE_OBJC_ARC = YES;
				CLANG_WARN_BOOL_CONVERSION = YES;
				CLANG_WARN_CONSTANT_CONVERSION = YES;
				CLANG_WARN_DIRECT_OBJC_ISA_USAGE = YES_ERROR;
				CLANG_WARN_EMPTY_BODY = YES;
				CLANG_WARN_ENUM_CONVERSION = YES;
				CLANG_WARN_INT_CONVERSION = YES;
				CLANG_WARN_OBJC_ROOT_CLASS = YES_ERROR;
				CLANG_WARN__DUPLICATE_METHOD_MATCH = YES;
				COPY_PHASE_STRIP = NO;
				GCC_C_LANGUAGE_STANDARD = gnu99;
				GCC_DYNAMIC_NO_PIC = NO;
				GCC_ENABLE_OBJC_EXCEPTIONS = YES;
				GCC_OPTIMIZATION_LEVEL = 0;
				GCC_PREPROCESSOR_DEFINITIONS = (
					"DEBUG=1",
					"$(inherited)",
				);
				GCC_SYMBOLS_PRIVATE_EXTERN = NO;
				GCC_WARN_64_TO_32_BIT_CONVERSION = YES;
				GCC_WARN_ABOUT_RETURN_TYPE = YES_ERROR;
				GCC_WARN_UNDECLARED_SELECTOR = YES;
				GCC_WARN_UNINITIALIZED_AUTOS = YES;
				GCC_WARN_UNUSED_FUNCTION = YES;
				GCC_WARN_UNUSED_VARIABLE = YES;
				MACOSX_DEPLOYMENT_TARGET = 10.8;
				ONLY_ACTIVE_ARCH = YES;
				SDKROOT = macosx;
			};
			name = Debug;
		};
		B906DA0917B3FCC700B39439 /* Release */ = {
			isa = XCBuildConfiguration;
			buildSettings = {
				ALWAYS_SEARCH_USER_PATHS = NO;
				CLANG_CXX_LANGUAGE_STANDARD = "gnu++0x";
				CLANG_CXX_LIBRARY = "libc++";
				CLANG_ENABLE_MODULES = YES;
				CLANG_ENABLE_OBJC_ARC = YES;
				CLANG_WARN_BOOL_CONVERSION = YES;
				CLANG_WARN_CONSTANT_CONVERSION = YES;
				CLANG_WARN_DIRECT_OBJC_ISA_USAGE = YES_ERROR;
				CLANG_WARN_EMPTY_BODY = YES;
				CLANG_WARN_ENUM_CONVERSION = YES;
				CLANG_WARN_INT_CONVERSION = YES;
				CLANG_WARN_OBJC_ROOT_CLASS = YES_ERROR;
				CLANG_WARN__DUPLICATE_METHOD_MATCH = YES;
				COPY_PHASE_STRIP = YES;
				DEBUG_INFORMATION_FORMAT = "dwarf-with-dsym";
				ENABLE_NS_ASSERTIONS = NO;
				GCC_C_LANGUAGE_STANDARD = gnu99;
				GCC_ENABLE_OBJC_EXCEPTIONS = YES;
				GCC_WARN_64_TO_32_BIT_CONVERSION = YES;
				GCC_WARN_ABOUT_RETURN_TYPE = YES_ERROR;
				GCC_WARN_UNDECLARED_SELECTOR = YES;
				GCC_WARN_UNINITIALIZED_AUTOS = YES;
				GCC_WARN_UNUSED_FUNCTION = YES;
				GCC_WARN_UNUSED_VARIABLE = YES;
				MACOSX_DEPLOYMENT_TARGET = 10.8;
				SDKROOT = macosx;
			};
			name = Release;
		};
		B906DA0B17B3FCC700B39439 /* Debug */ = {
			isa = XCBuildConfiguration;
			buildSettings = {
				COMBINE_HIDPI_IMAGES = YES;
				DYLIB_COMPATIBILITY_VERSION = 1;
				DYLIB_CURRENT_VERSION = 1;
				FRAMEWORK_VERSION = A;
				GCC_PRECOMPILE_PREFIX_HEADER = YES;
				GCC_PREFIX_HEADER = "Supporting Files/NDDStateMachine-Prefix.pch";
				INFOPLIST_FILE = "Supporting Files/NDDStateMachine-Info.plist";
				PRODUCT_NAME = "$(TARGET_NAME)";
				WRAPPER_EXTENSION = framework;
			};
			name = Debug;
		};
		B906DA0C17B3FCC700B39439 /* Release */ = {
			isa = XCBuildConfiguration;
			buildSettings = {
				COMBINE_HIDPI_IMAGES = YES;
				DYLIB_COMPATIBILITY_VERSION = 1;
				DYLIB_CURRENT_VERSION = 1;
				FRAMEWORK_VERSION = A;
				GCC_PRECOMPILE_PREFIX_HEADER = YES;
				GCC_PREFIX_HEADER = "Supporting Files/NDDStateMachine-Prefix.pch";
				INFOPLIST_FILE = "Supporting Files/NDDStateMachine-Info.plist";
				PRODUCT_NAME = "$(TARGET_NAME)";
				WRAPPER_EXTENSION = framework;
			};
			name = Release;
		};
		B906DA0E17B3FCC700B39439 /* Debug */ = {
			isa = XCBuildConfiguration;
			buildSettings = {
				BUNDLE_LOADER = "$(BUILT_PRODUCTS_DIR)/NDDStateMachine.framework/Versions/A/NDDStateMachine";
				COMBINE_HIDPI_IMAGES = YES;
				FRAMEWORK_SEARCH_PATHS = (
					"$(DEVELOPER_FRAMEWORKS_DIR)",
					"$(inherited)",
				);
				GCC_PRECOMPILE_PREFIX_HEADER = YES;
				GCC_PREFIX_HEADER = "Supporting Files/NDDStateMachine-Prefix.pch";
				GCC_PREPROCESSOR_DEFINITIONS = (
					"DEBUG=1",
					"$(inherited)",
				);
				INFOPLIST_FILE = "Supporting Files/NDDStateMachineTests-Info.plist";
				OTHER_LDFLAGS = (
					"$(inherited)",
					"-framework",
					SenTestingKit,
				);
				PRODUCT_NAME = "$(TARGET_NAME)";
				TEST_HOST = "$(BUNDLE_LOADER)";
				WRAPPER_EXTENSION = xctest;
			};
			name = Debug;
		};
		B906DA0F17B3FCC700B39439 /* Release */ = {
			isa = XCBuildConfiguration;
			buildSettings = {
				BUNDLE_LOADER = "$(BUILT_PRODUCTS_DIR)/NDDStateMachine.framework/Versions/A/NDDStateMachine";
				COMBINE_HIDPI_IMAGES = YES;
				FRAMEWORK_SEARCH_PATHS = (
					"$(DEVELOPER_FRAMEWORKS_DIR)",
					"$(inherited)",
				);
				GCC_PRECOMPILE_PREFIX_HEADER = YES;
				GCC_PREFIX_HEADER = "Supporting Files/NDDStateMachine-Prefix.pch";
				INFOPLIST_FILE = "Supporting Files/NDDStateMachineTests-Info.plist";
				OTHER_LDFLAGS = (
					"$(inherited)",
					"-framework",
					SenTestingKit,
				);
				PRODUCT_NAME = "$(TARGET_NAME)";
				TEST_HOST = "$(BUNDLE_LOADER)";
				WRAPPER_EXTENSION = xctest;
			};
			name = Release;
		};
/* End XCBuildConfiguration section */

/* Begin XCConfigurationList section */
		B906D9DC17B3FCC600B39439 /* Build configuration list for PBXProject "NDDStateMachine" */ = {
			isa = XCConfigurationList;
			buildConfigurations = (
				B906DA0817B3FCC700B39439 /* Debug */,
				B906DA0917B3FCC700B39439 /* Release */,
			);
			defaultConfigurationIsVisible = 0;
			defaultConfigurationName = Release;
		};
		B906DA0A17B3FCC700B39439 /* Build configuration list for PBXNativeTarget "NDDStateMachine" */ = {
			isa = XCConfigurationList;
			buildConfigurations = (
				B906DA0B17B3FCC700B39439 /* Debug */,
				B906DA0C17B3FCC700B39439 /* Release */,
			);
			defaultConfigurationIsVisible = 0;
		};
		B906DA0D17B3FCC700B39439 /* Build configuration list for PBXNativeTarget "NDDStateMachineTests" */ = {
			isa = XCConfigurationList;
			buildConfigurations = (
				B906DA0E17B3FCC700B39439 /* Debug */,
				B906DA0F17B3FCC700B39439 /* Release */,
			);
			defaultConfigurationIsVisible = 0;
		};
/* End XCConfigurationList section */
	};
	rootObject = B906D9D917B3FCC600B39439 /* Project object */;
}
